
Microsoft Visual Studio Solution File, Format Version 12.00
# Visual Studio Version 17
VisualStudioVersion = 17.7.34202.233
MinimumVisualStudioVersion = 10.0.40219.1
Project("{9A19103F-16F7-4668-BE54-9A1E7A4F7556}") = "lab5", "lab4\lab5.csproj", "{8B13C082-EF0C-4C75-A0D3-C1353B5672D7}"
EndProject
Global
	GlobalSection(SolutionConfigurationPlatforms) = preSolution
		Debug|Any CPU = Debug|Any CPU
		Release|Any CPU = Release|Any CPU
	EndGlobalSection
	GlobalSection(ProjectConfigurationPlatforms) = postSolution
		{8B13C082-EF0C-4C75-A0D3-C1353B5672D7}.Debug|Any CPU.ActiveCfg = Debug|Any CPU
		{8B13C082-EF0C-4C75-A0D3-C1353B5672D7}.Debug|Any CPU.Build.0 = Debug|Any CPU
		{8B13C082-EF0C-4C75-A0D3-C1353B5672D7}.Release|Any CPU.ActiveCfg = Release|Any CPU
		{8B13C082-EF0C-4C75-A0D3-C1353B5672D7}.Release|Any CPU.Build.0 = Release|Any CPU
	EndGlobalSection
	GlobalSection(SolutionProperties) = preSolution
		HideSolutionNode = FALSE
	EndGlobalSection
	GlobalSection(ExtensibilityGlobals) = postSolution
		SolutionGuid = {F5391F1E-F464-4720-AB1F-0B8B14D35876}
	EndGlobalSection
EndGlobal
